
Microsoft Visual Studio Solution File, Format Version 12.00
# Visual Studio 15
Project("{2150E333-8FDC-42A3-9474-1A3956D46DE8}") = "1. Tests", "1. Tests", "{2F76B55E-78B9-4BDA-B1D7-13FC135FD22E}"
EndProject
Project("{FAE04EC0-301F-11D3-BF4B-00C04F79EFBC}") = "Lykke.Bil2.Bcn.BlocksReader.Tests", "tests\Lykke.Bil2.Bcn.BlocksReader.Tests\Lykke.Bil2.Bcn.BlocksReader.Tests.csproj", "{5F6F061B-772E-43AC-8F3C-8E14A19951EC}"
EndProject
Project("{FAE04EC0-301F-11D3-BF4B-00C04F79EFBC}") = "Lykke.Bil2.Bcn.BlocksReader", "src\Lykke.Bil2.Bcn.BlocksReader\Lykke.Bil2.Bcn.BlocksReader.csproj", "{BA685ADF-13FA-4ED1-9F01-B6CD9E6B3980}"
EndProject
Project("{2150E333-8FDC-42A3-9474-1A3956D46DE8}") = "Solution Items", "Solution Items", "{990BD414-3CED-42B7-AEB2-E8AFF532DD1D}"
	ProjectSection(SolutionItems) = preProject
		README.md = README.md
		settings.yaml = settings.yaml
	EndProjectSection
EndProject
Global
	GlobalSection(SolutionConfigurationPlatforms) = preSolution
		Debug|Any CPU = Debug|Any CPU
		Release|Any CPU = Release|Any CPU
	EndGlobalSection
	GlobalSection(ProjectConfigurationPlatforms) = postSolution
		{5F6F061B-772E-43AC-8F3C-8E14A19951EC}.Debug|Any CPU.ActiveCfg = Debug|Any CPU
		{5F6F061B-772E-43AC-8F3C-8E14A19951EC}.Debug|Any CPU.Build.0 = Debug|Any CPU
		{5F6F061B-772E-43AC-8F3C-8E14A19951EC}.Release|Any CPU.ActiveCfg = Release|Any CPU
		{5F6F061B-772E-43AC-8F3C-8E14A19951EC}.Release|Any CPU.Build.0 = Release|Any CPU
		{BA685ADF-13FA-4ED1-9F01-B6CD9E6B3980}.Debug|Any CPU.ActiveCfg = Debug|Any CPU
		{BA685ADF-13FA-4ED1-9F01-B6CD9E6B3980}.Debug|Any CPU.Build.0 = Debug|Any CPU
		{BA685ADF-13FA-4ED1-9F01-B6CD9E6B3980}.Release|Any CPU.ActiveCfg = Release|Any CPU
		{BA685ADF-13FA-4ED1-9F01-B6CD9E6B3980}.Release|Any CPU.Build.0 = Release|Any CPU
	EndGlobalSection
	GlobalSection(NestedProjects) = preSolution
		{5F6F061B-772E-43AC-8F3C-8E14A19951EC} = {2F76B55E-78B9-4BDA-B1D7-13FC135FD22E}
	EndGlobalSection
EndGlobal
