
Microsoft Visual Studio Solution File, Format Version 12.00
# Visual Studio 15
VisualStudioVersion = 15.0.26124.0
MinimumVisualStudioVersion = 15.0.26124.0
Project("{2150E333-8FDC-42A3-9474-1A3956D46DE8}") = "1. Tests", "1. Tests", "{ED9CA083-AA61-4AA7-B115-C376EBE7C79C}"
EndProject
Project("{FAE04EC0-301F-11D3-BF4B-00C04F79EFBC}") = "Lykke.Bil2.Bcn.TransactionsExecutor.Tests", "tests\Lykke.Bil2.Bcn.TransactionsExecutor.Tests\Lykke.Bil2.Bcn.TransactionsExecutor.Tests.csproj", "{30E452AC-E5F4-469D-956C-4CB69D5A5D45}"
EndProject
Project("{FAE04EC0-301F-11D3-BF4B-00C04F79EFBC}") = "Lykke.Bil2.Bcn.TransactionsExecutor", "src\Lykke.Bil2.Bcn.TransactionsExecutor\Lykke.Bil2.Bcn.TransactionsExecutor.csproj", "{D44A1E75-DC9E-42BC-81CD-8AA29799C28B}"
EndProject
Project("{2150E333-8FDC-42A3-9474-1A3956D46DE8}") = "Solution Items", "Solution Items", "{606778DA-CA1A-432B-A42A-F39017C1CFB7}"
	ProjectSection(SolutionItems) = preProject
		IMPLEMENTATION.md = IMPLEMENTATION.md
		README.md = README.md
		settings.yaml = settings.yaml
	EndProjectSection
EndProject
Global
	GlobalSection(SolutionConfigurationPlatforms) = preSolution
		Debug|Any CPU = Debug|Any CPU
		Debug|x64 = Debug|x64
		Debug|x86 = Debug|x86
		Release|Any CPU = Release|Any CPU
		Release|x64 = Release|x64
		Release|x86 = Release|x86
	EndGlobalSection
	GlobalSection(SolutionProperties) = preSolution
		HideSolutionNode = FALSE
	EndGlobalSection
	GlobalSection(ProjectConfigurationPlatforms) = postSolution
		{30E452AC-E5F4-469D-956C-4CB69D5A5D45}.Debug|Any CPU.ActiveCfg = Debug|Any CPU
		{30E452AC-E5F4-469D-956C-4CB69D5A5D45}.Debug|Any CPU.Build.0 = Debug|Any CPU
		{30E452AC-E5F4-469D-956C-4CB69D5A5D45}.Debug|x64.ActiveCfg = Debug|Any CPU
		{30E452AC-E5F4-469D-956C-4CB69D5A5D45}.Debug|x64.Build.0 = Debug|Any CPU
		{30E452AC-E5F4-469D-956C-4CB69D5A5D45}.Debug|x86.ActiveCfg = Debug|Any CPU
		{30E452AC-E5F4-469D-956C-4CB69D5A5D45}.Debug|x86.Build.0 = Debug|Any CPU
		{30E452AC-E5F4-469D-956C-4CB69D5A5D45}.Release|Any CPU.ActiveCfg = Release|Any CPU
		{30E452AC-E5F4-469D-956C-4CB69D5A5D45}.Release|Any CPU.Build.0 = Release|Any CPU
		{30E452AC-E5F4-469D-956C-4CB69D5A5D45}.Release|x64.ActiveCfg = Release|Any CPU
		{30E452AC-E5F4-469D-956C-4CB69D5A5D45}.Release|x64.Build.0 = Release|Any CPU
		{30E452AC-E5F4-469D-956C-4CB69D5A5D45}.Release|x86.ActiveCfg = Release|Any CPU
		{30E452AC-E5F4-469D-956C-4CB69D5A5D45}.Release|x86.Build.0 = Release|Any CPU
		{D44A1E75-DC9E-42BC-81CD-8AA29799C28B}.Debug|Any CPU.ActiveCfg = Debug|Any CPU
		{D44A1E75-DC9E-42BC-81CD-8AA29799C28B}.Debug|Any CPU.Build.0 = Debug|Any CPU
		{D44A1E75-DC9E-42BC-81CD-8AA29799C28B}.Debug|x64.ActiveCfg = Debug|Any CPU
		{D44A1E75-DC9E-42BC-81CD-8AA29799C28B}.Debug|x64.Build.0 = Debug|Any CPU
		{D44A1E75-DC9E-42BC-81CD-8AA29799C28B}.Debug|x86.ActiveCfg = Debug|Any CPU
		{D44A1E75-DC9E-42BC-81CD-8AA29799C28B}.Debug|x86.Build.0 = Debug|Any CPU
		{D44A1E75-DC9E-42BC-81CD-8AA29799C28B}.Release|Any CPU.ActiveCfg = Release|Any CPU
		{D44A1E75-DC9E-42BC-81CD-8AA29799C28B}.Release|Any CPU.Build.0 = Release|Any CPU
		{D44A1E75-DC9E-42BC-81CD-8AA29799C28B}.Release|x64.ActiveCfg = Release|Any CPU
		{D44A1E75-DC9E-42BC-81CD-8AA29799C28B}.Release|x64.Build.0 = Release|Any CPU
		{D44A1E75-DC9E-42BC-81CD-8AA29799C28B}.Release|x86.ActiveCfg = Release|Any CPU
		{D44A1E75-DC9E-42BC-81CD-8AA29799C28B}.Release|x86.Build.0 = Release|Any CPU
	EndGlobalSection
	GlobalSection(NestedProjects) = preSolution
		{30E452AC-E5F4-469D-956C-4CB69D5A5D45} = {ED9CA083-AA61-4AA7-B115-C376EBE7C79C}
	EndGlobalSection
EndGlobal
